// !$*UTF8*$!
{
	archiveVersion = 1;
	classes = {
	};
	objectVersion = 50;
	objects = {

/* Begin PBXBuildFile section */
		B769BC59248F78B400838013 /* AppDelegate.m in Sources */ = {isa = PBXBuildFile; fileRef = B769BC58248F78B400838013 /* AppDelegate.m */; };
		B769BC5C248F78B400838013 /* ViewController.m in Sources */ = {isa = PBXBuildFile; fileRef = B769BC5B248F78B400838013 /* ViewController.m */; };
		B769BC5F248F78B400838013 /* Main.storyboard in Resources */ = {isa = PBXBuildFile; fileRef = B769BC5D248F78B400838013 /* Main.storyboard */; };
		B769BC61248F78B500838013 /* Assets.xcassets in Resources */ = {isa = PBXBuildFile; fileRef = B769BC60248F78B500838013 /* Assets.xcassets */; };
		B769BC64248F78B500838013 /* LaunchScreen.storyboard in Resources */ = {isa = PBXBuildFile; fileRef = B769BC62248F78B500838013 /* LaunchScreen.storyboard */; };
		B769BC67248F78B500838013 /* main.m in Sources */ = {isa = PBXBuildFile; fileRef = B769BC66248F78B500838013 /* main.m */; };
		B769BC71248F78B500838013 /* githubTests.m in Sources */ = {isa = PBXBuildFile; fileRef = B769BC70248F78B500838013 /* githubTests.m */; };
		B769BC7C248F78B500838013 /* githubUITests.m in Sources */ = {isa = PBXBuildFile; fileRef = B769BC7B248F78B500838013 /* githubUITests.m */; };
		B769BC8E248F7DFF00838013 /* VCViewController.m in Sources */ = {isa = PBXBuildFile; fileRef = B769BC8D248F7DFF00838013 /* VCViewController.m */; };
		B769BC91248F832F00838013 /* testViewController.m in Sources */ = {isa = PBXBuildFile; fileRef = B769BC90248F832F00838013 /* testViewController.m */; };
/* End PBXBuildFile section */

/* Begin PBXContainerItemProxy section */
		B769BC6D248F78B500838013 /* PBXContainerItemProxy */ = {
			isa = PBXContainerItemProxy;
			containerPortal = B769BC4C248F78B400838013 /* Project object */;
			proxyType = 1;
			remoteGlobalIDString = B769BC53248F78B400838013;
			remoteInfo = github;
		};
		B769BC78248F78B500838013 /* PBXContainerItemProxy */ = {
			isa = PBXContainerItemProxy;
			containerPortal = B769BC4C248F78B400838013 /* Project object */;
			proxyType = 1;
			remoteGlobalIDString = B769BC53248F78B400838013;
			remoteInfo = github;
		};
/* End PBXContainerItemProxy section */

/* Begin PBXFileReference section */
		B769BC54248F78B400838013 /* github.app */ = {isa = PBXFileReference; explicitFileType = wrapper.application; includeInIndex = 0; path = github.app; sourceTree = BUILT_PRODUCTS_DIR; };
		B769BC57248F78B400838013 /* AppDelegate.h */ = {isa = PBXFileReference; lastKnownFileType = sourcecode.c.h; path = AppDelegate.h; sourceTree = "<group>"; };
		B769BC58248F78B400838013 /* AppDelegate.m */ = {isa = PBXFileReference; lastKnownFileType = sourcecode.c.objc; path = AppDelegate.m; sourceTree = "<group>"; };
		B769BC5A248F78B400838013 /* ViewController.h */ = {isa = PBXFileReference; lastKnownFileType = sourcecode.c.h; path = ViewController.h; sourceTree = "<group>"; };
		B769BC5B248F78B400838013 /* ViewController.m */ = {isa = PBXFileReference; lastKnownFileType = sourcecode.c.objc; path = ViewController.m; sourceTree = "<group>"; };
		B769BC5E248F78B400838013 /* Base */ = {isa = PBXFileReference; lastKnownFileType = file.storyboard; name = Base; path = Base.lproj/Main.storyboard; sourceTree = "<group>"; };
		B769BC60248F78B500838013 /* Assets.xcassets */ = {isa = PBXFileReference; lastKnownFileType = folder.assetcatalog; path = Assets.xcassets; sourceTree = "<group>"; };
		B769BC63248F78B500838013 /* Base */ = {isa = PBXFileReference; lastKnownFileType = file.storyboard; name = Base; path = Base.lproj/LaunchScreen.storyboard; sourceTree = "<group>"; };
		B769BC65248F78B500838013 /* Info.plist */ = {isa = PBXFileReference; lastKnownFileType = text.plist.xml; path = Info.plist; sourceTree = "<group>"; };
		B769BC66248F78B500838013 /* main.m */ = {isa = PBXFileReference; lastKnownFileType = sourcecode.c.objc; path = main.m; sourceTree = "<group>"; };
		B769BC6C248F78B500838013 /* githubTests.xctest */ = {isa = PBXFileReference; explicitFileType = wrapper.cfbundle; includeInIndex = 0; path = githubTests.xctest; sourceTree = BUILT_PRODUCTS_DIR; };
		B769BC70248F78B500838013 /* githubTests.m */ = {isa = PBXFileReference; lastKnownFileType = sourcecode.c.objc; path = githubTests.m; sourceTree = "<group>"; };
		B769BC72248F78B500838013 /* Info.plist */ = {isa = PBXFileReference; lastKnownFileType = text.plist.xml; path = Info.plist; sourceTree = "<group>"; };
		B769BC77248F78B500838013 /* githubUITests.xctest */ = {isa = PBXFileReference; explicitFileType = wrapper.cfbundle; includeInIndex = 0; path = githubUITests.xctest; sourceTree = BUILT_PRODUCTS_DIR; };
		B769BC7B248F78B500838013 /* githubUITests.m */ = {isa = PBXFileReference; lastKnownFileType = sourcecode.c.objc; path = githubUITests.m; sourceTree = "<group>"; };
		B769BC7D248F78B500838013 /* Info.plist */ = {isa = PBXFileReference; lastKnownFileType = text.plist.xml; path = Info.plist; sourceTree = "<group>"; };
		B769BC8C248F7DFF00838013 /* VCViewController.h */ = {isa = PBXFileReference; lastKnownFileType = sourcecode.c.h; path = VCViewController.h; sourceTree = "<group>"; };
		B769BC8D248F7DFF00838013 /* VCViewController.m */ = {isa = PBXFileReference; lastKnownFileType = sourcecode.c.objc; path = VCViewController.m; sourceTree = "<group>"; };
		B769BC8F248F832F00838013 /* testViewController.h */ = {isa = PBXFileReference; lastKnownFileType = sourcecode.c.h; path = testViewController.h; sourceTree = "<group>"; };
		B769BC90248F832F00838013 /* testViewController.m */ = {isa = PBXFileReference; lastKnownFileType = sourcecode.c.objc; path = testViewController.m; sourceTree = "<group>"; };
/* End PBXFileReference section */

/* Begin PBXFrameworksBuildPhase section */
		B769BC51248F78B400838013 /* Frameworks */ = {
			isa = PBXFrameworksBuildPhase;
			buildActionMask = 2147483647;
			files = (
			);
			runOnlyForDeploymentPostprocessing = 0;
		};
		B769BC69248F78B500838013 /* Frameworks */ = {
			isa = PBXFrameworksBuildPhase;
			buildActionMask = 2147483647;
			files = (
			);
			runOnlyForDeploymentPostprocessing = 0;
		};
		B769BC74248F78B500838013 /* Frameworks */ = {
			isa = PBXFrameworksBuildPhase;
			buildActionMask = 2147483647;
			files = (
			);
			runOnlyForDeploymentPostprocessing = 0;
		};
/* End PBXFrameworksBuildPhase section */

/* Begin PBXGroup section */
		B769BC4B248F78B400838013 = {
			isa = PBXGroup;
			children = (
				B769BC56248F78B400838013 /* github */,
				B769BC6F248F78B500838013 /* githubTests */,
				B769BC7A248F78B500838013 /* githubUITests */,
				B769BC55248F78B400838013 /* Products */,
			);
			sourceTree = "<group>";
		};
		B769BC55248F78B400838013 /* Products */ = {
			isa = PBXGroup;
			children = (
				B769BC54248F78B400838013 /* github.app */,
				B769BC6C248F78B500838013 /* githubTests.xctest */,
				B769BC77248F78B500838013 /* githubUITests.xctest */,
			);
			name = Products;
			sourceTree = "<group>";
		};
		B769BC56248F78B400838013 /* github */ = {
			isa = PBXGroup;
			children = (
				B769BC57248F78B400838013 /* AppDelegate.h */,
				B769BC58248F78B400838013 /* AppDelegate.m */,
				B769BC5A248F78B400838013 /* ViewController.h */,
				B769BC5B248F78B400838013 /* ViewController.m */,
				B769BC5D248F78B400838013 /* Main.storyboard */,
				B769BC60248F78B500838013 /* Assets.xcassets */,
				B769BC62248F78B500838013 /* LaunchScreen.storyboard */,
				B769BC65248F78B500838013 /* Info.plist */,
				B769BC66248F78B500838013 /* main.m */,
				B769BC8C248F7DFF00838013 /* VCViewController.h */,
				B769BC8D248F7DFF00838013 /* VCViewController.m */,
				B769BC8F248F832F00838013 /* testViewController.h */,
				B769BC90248F832F00838013 /* testViewController.m */,
			);
			path = github;
			sourceTree = "<group>";
		};
		B769BC6F248F78B500838013 /* githubTests */ = {
			isa = PBXGroup;
			children = (
				B769BC70248F78B500838013 /* githubTests.m */,
				B769BC72248F78B500838013 /* Info.plist */,
			);
			path = githubTests;
			sourceTree = "<group>";
		};
		B769BC7A248F78B500838013 /* githubUITests */ = {
			isa = PBXGroup;
			children = (
				B769BC7B248F78B500838013 /* githubUITests.m */,
				B769BC7D248F78B500838013 /* Info.plist */,
			);
			path = githubUITests;
			sourceTree = "<group>";
		};
/* End PBXGroup section */

/* Begin PBXNativeTarget section */
		B769BC53248F78B400838013 /* github */ = {
			isa = PBXNativeTarget;
			buildConfigurationList = B769BC80248F78B500838013 /* Build configuration list for PBXNativeTarget "github" */;
			buildPhases = (
				B769BC50248F78B400838013 /* Sources */,
				B769BC51248F78B400838013 /* Frameworks */,
				B769BC52248F78B400838013 /* Resources */,
			);
			buildRules = (
			);
			dependencies = (
			);
			name = github;
			productName = github;
			productReference = B769BC54248F78B400838013 /* github.app */;
			productType = "com.apple.product-type.application";
		};
		B769BC6B248F78B500838013 /* githubTests */ = {
			isa = PBXNativeTarget;
			buildConfigurationList = B769BC83248F78B500838013 /* Build configuration list for PBXNativeTarget "githubTests" */;
			buildPhases = (
				B769BC68248F78B500838013 /* Sources */,
				B769BC69248F78B500838013 /* Frameworks */,
				B769BC6A248F78B500838013 /* Resources */,
			);
			buildRules = (
			);
			dependencies = (
				B769BC6E248F78B500838013 /* PBXTargetDependency */,
			);
			name = githubTests;
			productName = githubTests;
			productReference = B769BC6C248F78B500838013 /* githubTests.xctest */;
			productType = "com.apple.product-type.bundle.unit-test";
		};
		B769BC76248F78B500838013 /* githubUITests */ = {
			isa = PBXNativeTarget;
			buildConfigurationList = B769BC86248F78B500838013 /* Build configuration list for PBXNativeTarget "githubUITests" */;
			buildPhases = (
				B769BC73248F78B500838013 /* Sources */,
				B769BC74248F78B500838013 /* Frameworks */,
				B769BC75248F78B500838013 /* Resources */,
			);
			buildRules = (
			);
			dependencies = (
				B769BC79248F78B500838013 /* PBXTargetDependency */,
			);
			name = githubUITests;
			productName = githubUITests;
			productReference = B769BC77248F78B500838013 /* githubUITests.xctest */;
			productType = "com.apple.product-type.bundle.ui-testing";
		};
/* End PBXNativeTarget section */

/* Begin PBXProject section */
		B769BC4C248F78B400838013 /* Project object */ = {
			isa = PBXProject;
			attributes = {
				LastUpgradeCheck = 1030;
				ORGANIZATIONNAME = DCHealth;
				TargetAttributes = {
					B769BC53248F78B400838013 = {
						CreatedOnToolsVersion = 10.3;
					};
					B769BC6B248F78B500838013 = {
						CreatedOnToolsVersion = 10.3;
						TestTargetID = B769BC53248F78B400838013;
					};
					B769BC76248F78B500838013 = {
						CreatedOnToolsVersion = 10.3;
						TestTargetID = B769BC53248F78B400838013;
					};
				};
			};
			buildConfigurationList = B769BC4F248F78B400838013 /* Build configuration list for PBXProject "github" */;
			compatibilityVersion = "Xcode 9.3";
			developmentRegion = en;
			hasScannedForEncodings = 0;
			knownRegions = (
				en,
				Base,
			);
			mainGroup = B769BC4B248F78B400838013;
			productRefGroup = B769BC55248F78B400838013 /* Products */;
			projectDirPath = "";
			projectRoot = "";
			targets = (
				B769BC53248F78B400838013 /* github */,
				B769BC6B248F78B500838013 /* githubTests */,
				B769BC76248F78B500838013 /* githubUITests */,
			);
		};
/* End PBXProject section */

/* Begin PBXResourcesBuildPhase section */
		B769BC52248F78B400838013 /* Resources */ = {
			isa = PBXResourcesBuildPhase;
			buildActionMask = 2147483647;
			files = (
				B769BC64248F78B500838013 /* LaunchScreen.storyboard in Resources */,
				B769BC61248F78B500838013 /* Assets.xcassets in Resources */,
				B769BC5F248F78B400838013 /* Main.storyboard in Resources */,
			);
			runOnlyForDeploymentPostprocessing = 0;
		};
		B769BC6A248F78B500838013 /* Resources */ = {
			isa = PBXResourcesBuildPhase;
			buildActionMask = 2147483647;
			files = (
			);
			runOnlyForDeploymentPostprocessing = 0;
		};
		B769BC75248F78B500838013 /* Resources */ = {
			isa = PBXResourcesBuildPhase;
			buildActionMask = 2147483647;
			files = (
			);
			runOnlyForDeploymentPostprocessing = 0;
		};
/* End PBXResourcesBuildPhase section */

/* Begin PBXSourcesBuildPhase section */
		B769BC50248F78B400838013 /* Sources */ = {
			isa = PBXSourcesBuildPhase;
			buildActionMask = 2147483647;
			files = (
				B769BC5C248F78B400838013 /* ViewController.m in Sources */,
				B769BC8E248F7DFF00838013 /* VCViewController.m in Sources */,
				B769BC67248F78B500838013 /* main.m in Sources */,
				B769BC59248F78B400838013 /* AppDelegate.m in Sources */,
				B769BC91248F832F00838013 /* testViewController.m in Sources */,
			);
			runOnlyForDeploymentPostprocessing = 0;
		};
		B769BC68248F78B500838013 /* Sources */ = {
			isa = PBXSourcesBuildPhase;
			buildActionMask = 2147483647;
			files = (
				B769BC71248F78B500838013 /* githubTests.m in Sources */,
			);
			runOnlyForDeploymentPostprocessing = 0;
		};
		B769BC73248F78B500838013 /* Sources */ = {
			isa = PBXSourcesBuildPhase;
			buildActionMask = 2147483647;
			files = (
				B769BC7C248F78B500838013 /* githubUITests.m in Sources */,
			);
			runOnlyForDeploymentPostprocessing = 0;
		};
/* End PBXSourcesBuildPhase section */

/* Begin PBXTargetDependency section */
		B769BC6E248F78B500838013 /* PBXTargetDependency */ = {
			isa = PBXTargetDependency;
			target = B769BC53248F78B400838013 /* github */;
			targetProxy = B769BC6D248F78B500838013 /* PBXContainerItemProxy */;
		};
		B769BC79248F78B500838013 /* PBXTargetDependency */ = {
			isa = PBXTargetDependency;
			target = B769BC53248F78B400838013 /* github */;
			targetProxy = B769BC78248F78B500838013 /* PBXContainerItemProxy */;
		};
/* End PBXTargetDependency section */

/* Begin PBXVariantGroup section */
		B769BC5D248F78B400838013 /* Main.storyboard */ = {
			isa = PBXVariantGroup;
			children = (
				B769BC5E248F78B400838013 /* Base */,
			);
			name = Main.storyboard;
			sourceTree = "<group>";
		};
		B769BC62248F78B500838013 /* LaunchScreen.storyboard */ = {
			isa = PBXVariantGroup;
			children = (
				B769BC63248F78B500838013 /* Base */,
			);
			name = LaunchScreen.storyboard;
			sourceTree = "<group>";
		};
/* End PBXVariantGroup section */

/* Begin XCBuildConfiguration section */
		B769BC7E248F78B500838013 /* Debug */ = {
			isa = XCBuildConfiguration;
			buildSettings = {
				ALWAYS_SEARCH_USER_PATHS = NO;
				CLANG_ANALYZER_NONNULL = YES;
				CLANG_ANALYZER_NUMBER_OBJECT_CONVERSION = YES_AGGRESSIVE;
				CLANG_CXX_LANGUAGE_STANDARD = "gnu++14";
				CLANG_CXX_LIBRARY = "libc++";
				CLANG_ENABLE_MODULES = YES;
				CLANG_ENABLE_OBJC_ARC = YES;
				CLANG_ENABLE_OBJC_WEAK = YES;
				CLANG_WARN_BLOCK_CAPTURE_AUTORELEASING = YES;
				CLANG_WARN_BOOL_CONVERSION = YES;
				CLANG_WARN_COMMA = YES;
				CLANG_WARN_CONSTANT_CONVERSION = YES;
				CLANG_WARN_DEPRECATED_OBJC_IMPLEMENTATIONS = YES;
				CLANG_WARN_DIRECT_OBJC_ISA_USAGE = YES_ERROR;
				CLANG_WARN_DOCUMENTATION_COMMENTS = YES;
				CLANG_WARN_EMPTY_BODY = YES;
				CLANG_WARN_ENUM_CONVERSION = YES;
				CLANG_WARN_INFINITE_RECURSION = YES;
				CLANG_WARN_INT_CONVERSION = YES;
				CLANG_WARN_NON_LITERAL_NULL_CONVERSION = YES;
				CLANG_WARN_OBJC_IMPLICIT_RETAIN_SELF = YES;
				CLANG_WARN_OBJC_LITERAL_CONVERSION = YES;
				CLANG_WARN_OBJC_ROOT_CLASS = YES_ERROR;
				CLANG_WARN_RANGE_LOOP_ANALYSIS = YES;
				CLANG_WARN_STRICT_PROTOTYPES = YES;
				CLANG_WARN_SUSPICIOUS_MOVE = YES;
				CLANG_WARN_UNGUARDED_AVAILABILITY = YES_AGGRESSIVE;
				CLANG_WARN_UNREACHABLE_CODE = YES;
				CLANG_WARN__DUPLICATE_METHOD_MATCH = YES;
				CODE_SIGN_IDENTITY = "iPhone Developer";
				COPY_PHASE_STRIP = NO;
				DEBUG_INFORMATION_FORMAT = dwarf;
				ENABLE_STRICT_OBJC_MSGSEND = YES;
				ENABLE_TESTABILITY = YES;
				GCC_C_LANGUAGE_STANDARD = gnu11;
				GCC_DYNAMIC_NO_PIC = NO;
				GCC_NO_COMMON_BLOCKS = YES;
				GCC_OPTIMIZATION_LEVEL = 0;
				GCC_PREPROCESSOR_DEFINITIONS = (
					"DEBUG=1",
					"$(inherited)",
				);
				GCC_WARN_64_TO_32_BIT_CONVERSION = YES;
				GCC_WARN_ABOUT_RETURN_TYPE = YES_ERROR;
				GCC_WARN_UNDECLARED_SELECTOR = YES;
				GCC_WARN_UNINITIALIZED_AUTOS = YES_AGGRESSIVE;
				GCC_WARN_UNUSED_FUNCTION = YES;
				GCC_WARN_UNUSED_VARIABLE = YES;
				IPHONEOS_DEPLOYMENT_TARGET = 12.4;
				MTL_ENABLE_DEBUG_INFO = INCLUDE_SOURCE;
				MTL_FAST_MATH = YES;
				ONLY_ACTIVE_ARCH = YES;
				SDKROOT = iphoneos;
			};
			name = Debug;
		};
		B769BC7F248F78B500838013 /* Release */ = {
			isa = XCBuildConfiguration;
			buildSettings = {
				ALWAYS_SEARCH_USER_PATHS = NO;
				CLANG_ANALYZER_NONNULL = YES;
				CLANG_ANALYZER_NUMBER_OBJECT_CONVERSION = YES_AGGRESSIVE;
				CLANG_CXX_LANGUAGE_STANDARD = "gnu++14";
				CLANG_CXX_LIBRARY = "libc++";
				CLANG_ENABLE_MODULES = YES;
				CLANG_ENABLE_OBJC_ARC = YES;
				CLANG_ENABLE_OBJC_WEAK = YES;
				CLANG_WARN_BLOCK_CAPTURE_AUTORELEASING = YES;
				CLANG_WARN_BOOL_CONVERSION = YES;
				CLANG_WARN_COMMA = YES;
				CLANG_WARN_CONSTANT_CONVERSION = YES;
				CLANG_WARN_DEPRECATED_OBJC_IMPLEMENTATIONS = YES;
				CLANG_WARN_DIRECT_OBJC_ISA_USAGE = YES_ERROR;
				CLANG_WARN_DOCUMENTATION_COMMENTS = YES;
				CLANG_WARN_EMPTY_BODY = YES;
				CLANG_WARN_ENUM_CONVERSION = YES;
				CLANG_WARN_INFINITE_RECURSION = YES;
				CLANG_WARN_INT_CONVERSION = YES;
				CLANG_WARN_NON_LITERAL_NULL_CONVERSION = YES;
				CLANG_WARN_OBJC_IMPLICIT_RETAIN_SELF = YES;
				CLANG_WARN_OBJC_LITERAL_CONVERSION = YES;
				CLANG_WARN_OBJC_ROOT_CLASS = YES_ERROR;
				CLANG_WARN_RANGE_LOOP_ANALYSIS = YES;
				CLANG_WARN_STRICT_PROTOTYPES = YES;
				CLANG_WARN_SUSPICIOUS_MOVE = YES;
				CLANG_WARN_UNGUARDED_AVAILABILITY = YES_AGGRESSIVE;
				CLANG_WARN_UNREACHABLE_CODE = YES;
				CLANG_WARN__DUPLICATE_METHOD_MATCH = YES;
				CODE_SIGN_IDENTITY = "iPhone Developer";
				COPY_PHASE_STRIP = NO;
				DEBUG_INFORMATION_FORMAT = "dwarf-with-dsym";
				ENABLE_NS_ASSERTIONS = NO;
				ENABLE_STRICT_OBJC_MSGSEND = YES;
				GCC_C_LANGUAGE_STANDARD = gnu11;
				GCC_NO_COMMON_BLOCKS = YES;
				GCC_WARN_64_TO_32_BIT_CONVERSION = YES;
				GCC_WARN_ABOUT_RETURN_TYPE = YES_ERROR;
				GCC_WARN_UNDECLARED_SELECTOR = YES;
				GCC_WARN_UNINITIALIZED_AUTOS = YES_AGGRESSIVE;
				GCC_WARN_UNUSED_FUNCTION = YES;
				GCC_WARN_UNUSED_VARIABLE = YES;
				IPHONEOS_DEPLOYMENT_TARGET = 12.4;
				MTL_ENABLE_DEBUG_INFO = NO;
				MTL_FAST_MATH = YES;
				SDKROOT = iphoneos;
				VALIDATE_PRODUCT = YES;
			};
			name = Release;
		};
		B769BC81248F78B500838013 /* Debug */ = {
			isa = XCBuildConfiguration;
			buildSettings = {
				ASSETCATALOG_COMPILER_APPICON_NAME = AppIcon;
				CODE_SIGN_STYLE = Automatic;
				INFOPLIST_FILE = github/Info.plist;
				LD_RUNPATH_SEARCH_PATHS = (
					"$(inherited)",
					"@executable_path/Frameworks",
				);
				PRODUCT_BUNDLE_IDENTIFIER = webs.com.github;
				PRODUCT_NAME = "$(TARGET_NAME)";
				TARGETED_DEVICE_FAMILY = "1,2";
			};
			name = Debug;
		};
		B769BC82248F78B500838013 /* Release */ = {
			isa = XCBuildConfiguration;
			buildSettings = {
				ASSETCATALOG_COMPILER_APPICON_NAME = AppIcon;
				CODE_SIGN_STYLE = Automatic;
				INFOPLIST_FILE = github/Info.plist;
				LD_RUNPATH_SEARCH_PATHS = (
					"$(inherited)",
					"@executable_path/Frameworks",
				);
				PRODUCT_BUNDLE_IDENTIFIER = webs.com.github;
				PRODUCT_NAME = "$(TARGET_NAME)";
				TARGETED_DEVICE_FAMILY = "1,2";
			};
			name = Release;
		};
		B769BC84248F78B500838013 /* Debug */ = {
			isa = XCBuildConfiguration;
			buildSettings = {
				BUNDLE_LOADER = "$(TEST_HOST)";
				CODE_SIGN_STYLE = Automatic;
				INFOPLIST_FILE = githubTests/Info.plist;
				LD_RUNPATH_SEARCH_PATHS = (
					"$(inherited)",
					"@executable_path/Frameworks",
					"@loader_path/Frameworks",
				);
				PRODUCT_BUNDLE_IDENTIFIER = webs.com.githubTests;
				PRODUCT_NAME = "$(TARGET_NAME)";
				TARGETED_DEVICE_FAMILY = "1,2";
				TEST_HOST = "$(BUILT_PRODUCTS_DIR)/github.app/github";
			};
			name = Debug;
		};
		B769BC85248F78B500838013 /* Release */ = {
			isa = XCBuildConfiguration;
			buildSettings = {
				BUNDLE_LOADER = "$(TEST_HOST)";
				CODE_SIGN_STYLE = Automatic;
				INFOPLIST_FILE = githubTests/Info.plist;
				LD_RUNPATH_SEARCH_PATHS = (
					"$(inherited)",
					"@executable_path/Frameworks",
					"@loader_path/Frameworks",
				);
				PRODUCT_BUNDLE_IDENTIFIER = webs.com.githubTests;
				PRODUCT_NAME = "$(TARGET_NAME)";
				TARGETED_DEVICE_FAMILY = "1,2";
				TEST_HOST = "$(BUILT_PRODUCTS_DIR)/github.app/github";
			};
			name = Release;
		};
		B769BC87248F78B500838013 /* Debug */ = {
			isa = XCBuildConfiguration;
			buildSettings = {
				CODE_SIGN_STYLE = Automatic;
				INFOPLIST_FILE = githubUITests/Info.plist;
				LD_RUNPATH_SEARCH_PATHS = (
					"$(inherited)",
					"@executable_path/Frameworks",
					"@loader_path/Frameworks",
				);
				PRODUCT_BUNDLE_IDENTIFIER = webs.com.githubUITests;
				PRODUCT_NAME = "$(TARGET_NAME)";
				TARGETED_DEVICE_FAMILY = "1,2";
				TEST_TARGET_NAME = github;
			};
			name = Debug;
		};
		B769BC88248F78B500838013 /* Release */ = {
			isa = XCBuildConfiguration;
			buildSettings = {
				CODE_SIGN_STYLE = Automatic;
				INFOPLIST_FILE = githubUITests/Info.plist;
				LD_RUNPATH_SEARCH_PATHS = (
					"$(inherited)",
					"@executable_path/Frameworks",
					"@loader_path/Frameworks",
				);
				PRODUCT_BUNDLE_IDENTIFIER = webs.com.githubUITests;
				PRODUCT_NAME = "$(TARGET_NAME)";
				TARGETED_DEVICE_FAMILY = "1,2";
				TEST_TARGET_NAME = github;
			};
			name = Release;
		};
/* End XCBuildConfiguration section */

/* Begin XCConfigurationList section */
		B769BC4F248F78B400838013 /* Build configuration list for PBXProject "github" */ = {
			isa = XCConfigurationList;
			buildConfigurations = (
				B769BC7E248F78B500838013 /* Debug */,
				B769BC7F248F78B500838013 /* Release */,
			);
			defaultConfigurationIsVisible = 0;
			defaultConfigurationName = Release;
		};
		B769BC80248F78B500838013 /* Build configuration list for PBXNativeTarget "github" */ = {
			isa = XCConfigurationList;
			buildConfigurations = (
				B769BC81248F78B500838013 /* Debug */,
				B769BC82248F78B500838013 /* Release */,
			);
			defaultConfigurationIsVisible = 0;
			defaultConfigurationName = Release;
		};
		B769BC83248F78B500838013 /* Build configuration list for PBXNativeTarget "githubTests" */ = {
			isa = XCConfigurationList;
			buildConfigurations = (
				B769BC84248F78B500838013 /* Debug */,
				B769BC85248F78B500838013 /* Release */,
			);
			defaultConfigurationIsVisible = 0;
			defaultConfigurationName = Release;
		};
		B769BC86248F78B500838013 /* Build configuration list for PBXNativeTarget "githubUITests" */ = {
			isa = XCConfigurationList;
			buildConfigurations = (
				B769BC87248F78B500838013 /* Debug */,
				B769BC88248F78B500838013 /* Release */,
			);
			defaultConfigurationIsVisible = 0;
			defaultConfigurationName = Release;
		};
/* End XCConfigurationList section */
	};
	rootObject = B769BC4C248F78B400838013 /* Project object */;
}
